<?xml version="1.0" encoding="utf-8"?>
<Project ToolsVersion="4.0" xmlns="http://schemas.microsoft.com/developer/msbuild/2003">
  <ItemGroup>
    <ClCompile Include="..\..\src\Common\ClassicMain.cpp" />
    <ClCompile Include="..\..\src\DemoTest\Portal.cpp" />
    <ClCompile Include="..\..\src\DemoTest\PortalRender.cpp" />
    <ClCompile Include="..\..\src\Render\Camera.cpp" />
    <ClCompile Include="..\..\src\Render\Render.cpp" />
    <ClCompile Include="..\..\src\Role\CCT.cpp" />
    <ClCompile Include="..\..\src\Role\Role.cpp" />
    <ClCompile Include="..\..\src\Utils\mouseUtils.cpp" />
    <ClCompile Include="..\..\src\ImGui\imgui.cpp">
      <Filter>imgui</Filter>
    </ClCompile>
    <ClCompile Include="..\..\src\ImGui\imgui_demo.cpp">
      <Filter>imgui</Filter>
    </ClCompile>
    <ClCompile Include="..\..\src\ImGui\imgui_draw.cpp">
      <Filter>imgui</Filter>
    </ClCompile>
    <ClCompile Include="..\..\src\ImGui\imgui_impl_glut.cpp">
      <Filter>imgui</Filter>
    </ClCompile>
    <ClCompile Include="..\..\src\ImGui\imgui_impl_opengl2.cpp">
      <Filter>imgui</Filter>
    </ClCompile>
    <ClCompile Include="..\..\src\ImGui\imgui_tables.cpp">
      <Filter>imgui</Filter>
    </ClCompile>
    <ClCompile Include="..\..\src\ImGui\imgui_widgets.cpp">
      <Filter>imgui</Filter>
    </ClCompile>
  </ItemGroup>
  <ItemGroup>
    <ClInclude Include="..\..\src\Render\Camera.h" />
    <ClInclude Include="..\..\src\Render\Render.h" />
    <ClInclude Include="..\..\src\Role\CCT.h" />
    <ClInclude Include="..\..\src\Role\Role.h" />
    <ClInclude Include="..\..\src\ImGui\imconfig.h">
      <Filter>imgui</Filter>
    </ClInclude>
    <ClInclude Include="..\..\src\ImGui\imgui.h">
      <Filter>imgui</Filter>
    </ClInclude>
    <ClInclude Include="..\..\src\ImGui\imgui_impl_glut.h">
      <Filter>imgui</Filter>
    </ClInclude>
    <ClInclude Include="..\..\src\ImGui\imgui_impl_opengl2.h">
      <Filter>imgui</Filter>
    </ClInclude>
    <ClInclude Include="..\..\src\ImGui\imgui_internal.h">
      <Filter>imgui</Filter>
    </ClInclude>
    <ClInclude Include="..\..\src\ImGui\imstb_rectpack.h">
      <Filter>imgui</Filter>
    </ClInclude>
    <ClInclude Include="..\..\src\ImGui\imstb_textedit.h">
      <Filter>imgui</Filter>
    </ClInclude>
    <ClInclude Include="..\..\src\ImGui\imstb_truetype.h">
      <Filter>imgui</Filter>
    </ClInclude>
  </ItemGroup>
  <ItemGroup>
    <Filter Include="imgui">
      <UniqueIdentifier>{2f334416-f8d6-437c-9a05-bcd5a53d042e}</UniqueIdentifier>
    </Filter>
  </ItemGroup>
</Project>